// !$*UTF8*$!
{
	archiveVersion = 1;
	classes = {
	};
	objectVersion = 48;
	objects = {

/* Begin PBXBuildFile section */
		3435360D20BC1F0A00AB4A90 /* QALSDK.framework in Frameworks */ = {isa = PBXBuildFile; fileRef = 3435360320BC1F0900AB4A90 /* QALSDK.framework */; };
		3435360E20BC1F0A00AB4A90 /* ImSDK.framework in Frameworks */ = {isa = PBXBuildFile; fileRef = 3435360420BC1F0900AB4A90 /* ImSDK.framework */; };
		3435360F20BC1F0A00AB4A90 /* IMGroupExt.framework in Frameworks */ = {isa = PBXBuildFile; fileRef = 3435360520BC1F0A00AB4A90 /* IMGroupExt.framework */; };
		3435361020BC1F0A00AB4A90 /* IMUGCExt.framework in Frameworks */ = {isa = PBXBuildFile; fileRef = 3435360620BC1F0A00AB4A90 /* IMUGCExt.framework */; };
		3435361120BC1F0A00AB4A90 /* QALHttpSDK.framework in Frameworks */ = {isa = PBXBuildFile; fileRef = 3435360720BC1F0A00AB4A90 /* QALHttpSDK.framework */; };
		3435361220BC1F0A00AB4A90 /* TLSSDK.framework in Frameworks */ = {isa = PBXBuildFile; fileRef = 3435360820BC1F0A00AB4A90 /* TLSSDK.framework */; };
		3435361320BC1F0A00AB4A90 /* IMSDKBugly.framework in Frameworks */ = {isa = PBXBuildFile; fileRef = 3435360920BC1F0A00AB4A90 /* IMSDKBugly.framework */; };
		3435361420BC1F0A00AB4A90 /* TXRTMPSDK.framework in Frameworks */ = {isa = PBXBuildFile; fileRef = 3435360A20BC1F0A00AB4A90 /* TXRTMPSDK.framework */; };
		3435361520BC1F0A00AB4A90 /* IMMessageExt.framework in Frameworks */ = {isa = PBXBuildFile; fileRef = 3435360B20BC1F0A00AB4A90 /* IMMessageExt.framework */; };
		3435361620BC1F0A00AB4A90 /* IMFriendshipExt.framework in Frameworks */ = {isa = PBXBuildFile; fileRef = 3435360C20BC1F0A00AB4A90 /* IMFriendshipExt.framework */; };
		34B8A32820109F9E00D093F8 /* AppDelegate.m in Sources */ = {isa = PBXBuildFile; fileRef = 34B8A32720109F9E00D093F8 /* AppDelegate.m */; };
		34B8A32B20109F9E00D093F8 /* FirstViewController.m in Sources */ = {isa = PBXBuildFile; fileRef = 34B8A32A20109F9E00D093F8 /* FirstViewController.m */; };
		34B8A32E20109F9E00D093F8 /* SecondViewController.m in Sources */ = {isa = PBXBuildFile; fileRef = 34B8A32D20109F9E00D093F8 /* SecondViewController.m */; };
		34B8A33120109F9E00D093F8 /* Main.storyboard in Resources */ = {isa = PBXBuildFile; fileRef = 34B8A32F20109F9E00D093F8 /* Main.storyboard */; };
		34B8A33320109F9E00D093F8 /* Assets.xcassets in Resources */ = {isa = PBXBuildFile; fileRef = 34B8A33220109F9E00D093F8 /* Assets.xcassets */; };
		34B8A33620109F9E00D093F8 /* LaunchScreen.storyboard in Resources */ = {isa = PBXBuildFile; fileRef = 34B8A33420109F9E00D093F8 /* LaunchScreen.storyboard */; };
		34B8A33920109F9E00D093F8 /* main.m in Sources */ = {isa = PBXBuildFile; fileRef = 34B8A33820109F9E00D093F8 /* main.m */; };
		34FF2AB720BC21440033D809 /* CoreTelephony.framework in Frameworks */ = {isa = PBXBuildFile; fileRef = 34FF2AB620BC21440033D809 /* CoreTelephony.framework */; };
		34FF2AB920BC214D0033D809 /* SystemConfiguration.framework in Frameworks */ = {isa = PBXBuildFile; fileRef = 34FF2AB820BC214D0033D809 /* SystemConfiguration.framework */; };
		34FF2ABB20BC21560033D809 /* libstdc++.6.tbd in Frameworks */ = {isa = PBXBuildFile; fileRef = 34FF2ABA20BC21550033D809 /* libstdc++.6.tbd */; };
		34FF2ABD20BC215E0033D809 /* libc++.tbd in Frameworks */ = {isa = PBXBuildFile; fileRef = 34FF2ABC20BC215E0033D809 /* libc++.tbd */; };
		34FF2ABF20BC21680033D809 /* libz.tbd in Frameworks */ = {isa = PBXBuildFile; fileRef = 34FF2ABE20BC21680033D809 /* libz.tbd */; };
		34FF2AC120BC21720033D809 /* libsqlite3.tbd in Frameworks */ = {isa = PBXBuildFile; fileRef = 34FF2AC020BC21720033D809 /* libsqlite3.tbd */; };
		34FF2AC320BC21A20033D809 /* libresolv.tbd in Frameworks */ = {isa = PBXBuildFile; fileRef = 34FF2AC220BC21A20033D809 /* libresolv.tbd */; };
		4923E9A2C50F09518DC58DB6 /* Pods_world.framework in Frameworks */ = {isa = PBXBuildFile; fileRef = 87F022CF4E8A713A2A8218A3 /* Pods_world.framework */; };
/* End PBXBuildFile section */

/* Begin PBXFileReference section */
		10F4523A49A608ECBA1DF20A /* Pods-world.release.xcconfig */ = {isa = PBXFileReference; includeInIndex = 1; lastKnownFileType = text.xcconfig; name = "Pods-world.release.xcconfig"; path = "Pods/Target Support Files/Pods-world/Pods-world.release.xcconfig"; sourceTree = "<group>"; };
		3435360320BC1F0900AB4A90 /* QALSDK.framework */ = {isa = PBXFileReference; lastKnownFileType = wrapper.framework; path = QALSDK.framework; sourceTree = "<group>"; };
		3435360420BC1F0900AB4A90 /* ImSDK.framework */ = {isa = PBXFileReference; lastKnownFileType = wrapper.framework; path = ImSDK.framework; sourceTree = "<group>"; };
		3435360520BC1F0A00AB4A90 /* IMGroupExt.framework */ = {isa = PBXFileReference; lastKnownFileType = wrapper.framework; path = IMGroupExt.framework; sourceTree = "<group>"; };
		3435360620BC1F0A00AB4A90 /* IMUGCExt.framework */ = {isa = PBXFileReference; lastKnownFileType = wrapper.framework; path = IMUGCExt.framework; sourceTree = "<group>"; };
		3435360720BC1F0A00AB4A90 /* QALHttpSDK.framework */ = {isa = PBXFileReference; lastKnownFileType = wrapper.framework; path = QALHttpSDK.framework; sourceTree = "<group>"; };
		3435360820BC1F0A00AB4A90 /* TLSSDK.framework */ = {isa = PBXFileReference; lastKnownFileType = wrapper.framework; path = TLSSDK.framework; sourceTree = "<group>"; };
		3435360920BC1F0A00AB4A90 /* IMSDKBugly.framework */ = {isa = PBXFileReference; lastKnownFileType = wrapper.framework; path = IMSDKBugly.framework; sourceTree = "<group>"; };
		3435360A20BC1F0A00AB4A90 /* TXRTMPSDK.framework */ = {isa = PBXFileReference; lastKnownFileType = wrapper.framework; path = TXRTMPSDK.framework; sourceTree = "<group>"; };
		3435360B20BC1F0A00AB4A90 /* IMMessageExt.framework */ = {isa = PBXFileReference; lastKnownFileType = wrapper.framework; path = IMMessageExt.framework; sourceTree = "<group>"; };
		3435360C20BC1F0A00AB4A90 /* IMFriendshipExt.framework */ = {isa = PBXFileReference; lastKnownFileType = wrapper.framework; path = IMFriendshipExt.framework; sourceTree = "<group>"; };
		34B8A32320109F9E00D093F8 /* world.app */ = {isa = PBXFileReference; explicitFileType = wrapper.application; includeInIndex = 0; path = world.app; sourceTree = BUILT_PRODUCTS_DIR; };
		34B8A32620109F9E00D093F8 /* AppDelegate.h */ = {isa = PBXFileReference; lastKnownFileType = sourcecode.c.h; path = AppDelegate.h; sourceTree = "<group>"; };
		34B8A32720109F9E00D093F8 /* AppDelegate.m */ = {isa = PBXFileReference; lastKnownFileType = sourcecode.c.objc; path = AppDelegate.m; sourceTree = "<group>"; };
		34B8A32920109F9E00D093F8 /* FirstViewController.h */ = {isa = PBXFileReference; lastKnownFileType = sourcecode.c.h; path = FirstViewController.h; sourceTree = "<group>"; };
		34B8A32A20109F9E00D093F8 /* FirstViewController.m */ = {isa = PBXFileReference; lastKnownFileType = sourcecode.c.objc; path = FirstViewController.m; sourceTree = "<group>"; };
		34B8A32C20109F9E00D093F8 /* SecondViewController.h */ = {isa = PBXFileReference; lastKnownFileType = sourcecode.c.h; path = SecondViewController.h; sourceTree = "<group>"; };
		34B8A32D20109F9E00D093F8 /* SecondViewController.m */ = {isa = PBXFileReference; lastKnownFileType = sourcecode.c.objc; path = SecondViewController.m; sourceTree = "<group>"; };
		34B8A33020109F9E00D093F8 /* Base */ = {isa = PBXFileReference; lastKnownFileType = file.storyboard; name = Base; path = Base.lproj/Main.storyboard; sourceTree = "<group>"; };
		34B8A33220109F9E00D093F8 /* Assets.xcassets */ = {isa = PBXFileReference; lastKnownFileType = folder.assetcatalog; path = Assets.xcassets; sourceTree = "<group>"; };
		34B8A33520109F9E00D093F8 /* Base */ = {isa = PBXFileReference; lastKnownFileType = file.storyboard; name = Base; path = Base.lproj/LaunchScreen.storyboard; sourceTree = "<group>"; };
		34B8A33720109F9E00D093F8 /* Info.plist */ = {isa = PBXFileReference; lastKnownFileType = text.plist.xml; path = Info.plist; sourceTree = "<group>"; };
		34B8A33820109F9E00D093F8 /* main.m */ = {isa = PBXFileReference; lastKnownFileType = sourcecode.c.objc; path = main.m; sourceTree = "<group>"; };
		34FF2AB620BC21440033D809 /* CoreTelephony.framework */ = {isa = PBXFileReference; lastKnownFileType = wrapper.framework; name = CoreTelephony.framework; path = System/Library/Frameworks/CoreTelephony.framework; sourceTree = SDKROOT; };
		34FF2AB820BC214D0033D809 /* SystemConfiguration.framework */ = {isa = PBXFileReference; lastKnownFileType = wrapper.framework; name = SystemConfiguration.framework; path = System/Library/Frameworks/SystemConfiguration.framework; sourceTree = SDKROOT; };
		34FF2ABA20BC21550033D809 /* libstdc++.6.tbd */ = {isa = PBXFileReference; lastKnownFileType = "sourcecode.text-based-dylib-definition"; name = "libstdc++.6.tbd"; path = "usr/lib/libstdc++.6.tbd"; sourceTree = SDKROOT; };
		34FF2ABC20BC215E0033D809 /* libc++.tbd */ = {isa = PBXFileReference; lastKnownFileType = "sourcecode.text-based-dylib-definition"; name = "libc++.tbd"; path = "usr/lib/libc++.tbd"; sourceTree = SDKROOT; };
		34FF2ABE20BC21680033D809 /* libz.tbd */ = {isa = PBXFileReference; lastKnownFileType = "sourcecode.text-based-dylib-definition"; name = libz.tbd; path = usr/lib/libz.tbd; sourceTree = SDKROOT; };
		34FF2AC020BC21720033D809 /* libsqlite3.tbd */ = {isa = PBXFileReference; lastKnownFileType = "sourcecode.text-based-dylib-definition"; name = libsqlite3.tbd; path = usr/lib/libsqlite3.tbd; sourceTree = SDKROOT; };
		34FF2AC220BC21A20033D809 /* libresolv.tbd */ = {isa = PBXFileReference; lastKnownFileType = "sourcecode.text-based-dylib-definition"; name = libresolv.tbd; path = usr/lib/libresolv.tbd; sourceTree = SDKROOT; };
		760F0F0BBB337A8226EBF970 /* Pods-world.debug.xcconfig */ = {isa = PBXFileReference; includeInIndex = 1; lastKnownFileType = text.xcconfig; name = "Pods-world.debug.xcconfig"; path = "Pods/Target Support Files/Pods-world/Pods-world.debug.xcconfig"; sourceTree = "<group>"; };
		87F022CF4E8A713A2A8218A3 /* Pods_world.framework */ = {isa = PBXFileReference; explicitFileType = wrapper.framework; includeInIndex = 0; path = Pods_world.framework; sourceTree = BUILT_PRODUCTS_DIR; };
/* End PBXFileReference section */

/* Begin PBXFrameworksBuildPhase section */
		34B8A32020109F9E00D093F8 /* Frameworks */ = {
			isa = PBXFrameworksBuildPhase;
			buildActionMask = 2147483647;
			files = (
				34FF2AC320BC21A20033D809 /* libresolv.tbd in Frameworks */,
				34FF2AC120BC21720033D809 /* libsqlite3.tbd in Frameworks */,
				34FF2ABF20BC21680033D809 /* libz.tbd in Frameworks */,
				34FF2ABD20BC215E0033D809 /* libc++.tbd in Frameworks */,
				34FF2ABB20BC21560033D809 /* libstdc++.6.tbd in Frameworks */,
				34FF2AB920BC214D0033D809 /* SystemConfiguration.framework in Frameworks */,
				34FF2AB720BC21440033D809 /* CoreTelephony.framework in Frameworks */,
				3435360F20BC1F0A00AB4A90 /* IMGroupExt.framework in Frameworks */,
				3435360D20BC1F0A00AB4A90 /* QALSDK.framework in Frameworks */,
				3435361620BC1F0A00AB4A90 /* IMFriendshipExt.framework in Frameworks */,
				3435361120BC1F0A00AB4A90 /* QALHttpSDK.framework in Frameworks */,
				3435361320BC1F0A00AB4A90 /* IMSDKBugly.framework in Frameworks */,
				3435361020BC1F0A00AB4A90 /* IMUGCExt.framework in Frameworks */,
				4923E9A2C50F09518DC58DB6 /* Pods_world.framework in Frameworks */,
				3435360E20BC1F0A00AB4A90 /* ImSDK.framework in Frameworks */,
				3435361420BC1F0A00AB4A90 /* TXRTMPSDK.framework in Frameworks */,
				3435361520BC1F0A00AB4A90 /* IMMessageExt.framework in Frameworks */,
				3435361220BC1F0A00AB4A90 /* TLSSDK.framework in Frameworks */,
			);
			runOnlyForDeploymentPostprocessing = 0;
		};
/* End PBXFrameworksBuildPhase section */

/* Begin PBXGroup section */
		343535C320BC06B700AB4A90 /* extern */ = {
			isa = PBXGroup;
			children = (
				343535C420BC06CC00AB4A90 /* tencent */,
			);
			path = extern;
			sourceTree = "<group>";
		};
		343535C420BC06CC00AB4A90 /* tencent */ = {
			isa = PBXGroup;
			children = (
				3435360C20BC1F0A00AB4A90 /* IMFriendshipExt.framework */,
				3435360520BC1F0A00AB4A90 /* IMGroupExt.framework */,
				3435360B20BC1F0A00AB4A90 /* IMMessageExt.framework */,
				3435360420BC1F0900AB4A90 /* ImSDK.framework */,
				3435360920BC1F0A00AB4A90 /* IMSDKBugly.framework */,
				3435360620BC1F0A00AB4A90 /* IMUGCExt.framework */,
				3435360720BC1F0A00AB4A90 /* QALHttpSDK.framework */,
				3435360320BC1F0900AB4A90 /* QALSDK.framework */,
				3435360820BC1F0A00AB4A90 /* TLSSDK.framework */,
				3435360A20BC1F0A00AB4A90 /* TXRTMPSDK.framework */,
			);
			path = tencent;
			sourceTree = "<group>";
		};
		34B8A31A20109F9E00D093F8 = {
			isa = PBXGroup;
			children = (
				34B8A32520109F9E00D093F8 /* world */,
				34B8A32420109F9E00D093F8 /* Products */,
				DAB246107FF4577D4FC1BCBF /* Pods */,
				602FD2DE29456A70CBEE574C /* Frameworks */,
			);
			sourceTree = "<group>";
		};
		34B8A32420109F9E00D093F8 /* Products */ = {
			isa = PBXGroup;
			children = (
				34B8A32320109F9E00D093F8 /* world.app */,
			);
			name = Products;
			sourceTree = "<group>";
		};
		34B8A32520109F9E00D093F8 /* world */ = {
			isa = PBXGroup;
			children = (
				343535C320BC06B700AB4A90 /* extern */,
				34B8A32620109F9E00D093F8 /* AppDelegate.h */,
				34B8A32720109F9E00D093F8 /* AppDelegate.m */,
				34B8A32920109F9E00D093F8 /* FirstViewController.h */,
				34B8A32A20109F9E00D093F8 /* FirstViewController.m */,
				34B8A32C20109F9E00D093F8 /* SecondViewController.h */,
				34B8A32D20109F9E00D093F8 /* SecondViewController.m */,
				34B8A32F20109F9E00D093F8 /* Main.storyboard */,
				34B8A33220109F9E00D093F8 /* Assets.xcassets */,
				34B8A33420109F9E00D093F8 /* LaunchScreen.storyboard */,
				34B8A33720109F9E00D093F8 /* Info.plist */,
				34B8A33820109F9E00D093F8 /* main.m */,
			);
			path = world;
			sourceTree = "<group>";
		};
		602FD2DE29456A70CBEE574C /* Frameworks */ = {
			isa = PBXGroup;
			children = (
				34FF2AC220BC21A20033D809 /* libresolv.tbd */,
				34FF2AC020BC21720033D809 /* libsqlite3.tbd */,
				34FF2ABE20BC21680033D809 /* libz.tbd */,
				34FF2ABC20BC215E0033D809 /* libc++.tbd */,
				34FF2ABA20BC21550033D809 /* libstdc++.6.tbd */,
				34FF2AB820BC214D0033D809 /* SystemConfiguration.framework */,
				34FF2AB620BC21440033D809 /* CoreTelephony.framework */,
				87F022CF4E8A713A2A8218A3 /* Pods_world.framework */,
			);
			name = Frameworks;
			sourceTree = "<group>";
		};
		DAB246107FF4577D4FC1BCBF /* Pods */ = {
			isa = PBXGroup;
			children = (
				760F0F0BBB337A8226EBF970 /* Pods-world.debug.xcconfig */,
				10F4523A49A608ECBA1DF20A /* Pods-world.release.xcconfig */,
			);
			name = Pods;
			sourceTree = "<group>";
		};
/* End PBXGroup section */

/* Begin PBXNativeTarget section */
		34B8A32220109F9E00D093F8 /* world */ = {
			isa = PBXNativeTarget;
			buildConfigurationList = 34B8A33C20109F9E00D093F8 /* Build configuration list for PBXNativeTarget "world" */;
			buildPhases = (
				01EB6AFE4F9E5C11B887BDEE /* [CP] Check Pods Manifest.lock */,
				34B8A31F20109F9E00D093F8 /* Sources */,
				34B8A32020109F9E00D093F8 /* Frameworks */,
				34B8A32120109F9E00D093F8 /* Resources */,
				78A46094E371E215BBEEBCFF /* [CP] Embed Pods Frameworks */,
			);
			buildRules = (
			);
			dependencies = (
			);
			name = world;
			productName = world;
			productReference = 34B8A32320109F9E00D093F8 /* world.app */;
			productType = "com.apple.product-type.application";
		};
/* End PBXNativeTarget section */

/* Begin PBXProject section */
		34B8A31B20109F9E00D093F8 /* Project object */ = {
			isa = PBXProject;
			attributes = {
				LastUpgradeCheck = 0930;
				ORGANIZATIONNAME = world;
				TargetAttributes = {
					34B8A32220109F9E00D093F8 = {
						CreatedOnToolsVersion = 9.2;
						ProvisioningStyle = Automatic;
					};
				};
			};
			buildConfigurationList = 34B8A31E20109F9E00D093F8 /* Build configuration list for PBXProject "world" */;
			compatibilityVersion = "Xcode 8.0";
			developmentRegion = en;
			hasScannedForEncodings = 0;
			knownRegions = (
				en,
				Base,
			);
			mainGroup = 34B8A31A20109F9E00D093F8;
			productRefGroup = 34B8A32420109F9E00D093F8 /* Products */;
			projectDirPath = "";
			projectRoot = "";
			targets = (
				34B8A32220109F9E00D093F8 /* world */,
			);
		};
/* End PBXProject section */

/* Begin PBXResourcesBuildPhase section */
		34B8A32120109F9E00D093F8 /* Resources */ = {
			isa = PBXResourcesBuildPhase;
			buildActionMask = 2147483647;
			files = (
				34B8A33620109F9E00D093F8 /* LaunchScreen.storyboard in Resources */,
				34B8A33320109F9E00D093F8 /* Assets.xcassets in Resources */,
				34B8A33120109F9E00D093F8 /* Main.storyboard in Resources */,
			);
			runOnlyForDeploymentPostprocessing = 0;
		};
/* End PBXResourcesBuildPhase section */

/* Begin PBXShellScriptBuildPhase section */
		01EB6AFE4F9E5C11B887BDEE /* [CP] Check Pods Manifest.lock */ = {
			isa = PBXShellScriptBuildPhase;
			buildActionMask = 2147483647;
			files = (
			);
			inputPaths = (
				"${PODS_PODFILE_DIR_PATH}/Podfile.lock",
				"${PODS_ROOT}/Manifest.lock",
			);
			name = "[CP] Check Pods Manifest.lock";
			outputPaths = (
				"$(DERIVED_FILE_DIR)/Pods-world-checkManifestLockResult.txt",
			);
			runOnlyForDeploymentPostprocessing = 0;
			shellPath = /bin/sh;
			shellScript = "diff \"${PODS_PODFILE_DIR_PATH}/Podfile.lock\" \"${PODS_ROOT}/Manifest.lock\" > /dev/null\nif [ $? != 0 ] ; then\n    # print error to STDERR\n    echo \"error: The sandbox is not in sync with the Podfile.lock. Run 'pod install' or update your CocoaPods installation.\" >&2\n    exit 1\nfi\n# This output is used by Xcode 'outputs' to avoid re-running this script phase.\necho \"SUCCESS\" > \"${SCRIPT_OUTPUT_FILE_0}\"\n";
			showEnvVarsInLog = 0;
		};
		78A46094E371E215BBEEBCFF /* [CP] Embed Pods Frameworks */ = {
			isa = PBXShellScriptBuildPhase;
			buildActionMask = 2147483647;
			files = (
			);
			inputPaths = (
				"${SRCROOT}/Pods/Target Support Files/Pods-world/Pods-world-frameworks.sh",
				"${BUILT_PRODUCTS_DIR}/Alamofire/Alamofire.framework",
				"${BUILT_PRODUCTS_DIR}/Cent/Cent.framework",
				"${BUILT_PRODUCTS_DIR}/Dollar/Dollar.framework",
				"${BUILT_PRODUCTS_DIR}/INTULocationManager/INTULocationManager.framework",
				"${BUILT_PRODUCTS_DIR}/ImagePicker/ImagePicker.framework",
				"${BUILT_PRODUCTS_DIR}/KeychainAccess/KeychainAccess.framework",
				"${BUILT_PRODUCTS_DIR}/Kingfisher/Kingfisher.framework",
				"${BUILT_PRODUCTS_DIR}/ObjcExceptionBridging/ObjcExceptionBridging.framework",
				"${BUILT_PRODUCTS_DIR}/ObjectMapper/ObjectMapper.framework",
				"${BUILT_PRODUCTS_DIR}/RxBlocking/RxBlocking.framework",
				"${BUILT_PRODUCTS_DIR}/RxCocoa/RxCocoa.framework",
				"${BUILT_PRODUCTS_DIR}/RxSwift/RxSwift.framework",
				"${BUILT_PRODUCTS_DIR}/SVProgressHUD/SVProgressHUD.framework",
				"${BUILT_PRODUCTS_DIR}/SnapKit/SnapKit.framework",
				"${BUILT_PRODUCTS_DIR}/SwiftyJSON/SwiftyJSON.framework",
				"${BUILT_PRODUCTS_DIR}/TSVoiceConverter/TSVoiceConverter.framework",
				"${BUILT_PRODUCTS_DIR}/TimedSilver/TimedSilver.framework",
				"${BUILT_PRODUCTS_DIR}/UIColor_Hex_Swift/UIColor_Hex_Swift.framework",
				"${BUILT_PRODUCTS_DIR}/XCGLogger/XCGLogger.framework",
				"${BUILT_PRODUCTS_DIR}/XLActionController/XLActionController.framework",
				"${BUILT_PRODUCTS_DIR}/YYText/YYText.framework",
			);
			name = "[CP] Embed Pods Frameworks";
			outputPaths = (
				"${TARGET_BUILD_DIR}/${FRAMEWORKS_FOLDER_PATH}/Alamofire.framework",
				"${TARGET_BUILD_DIR}/${FRAMEWORKS_FOLDER_PATH}/Cent.framework",
				"${TARGET_BUILD_DIR}/${FRAMEWORKS_FOLDER_PATH}/Dollar.framework",
				"${TARGET_BUILD_DIR}/${FRAMEWORKS_FOLDER_PATH}/INTULocationManager.framework",
				"${TARGET_BUILD_DIR}/${FRAMEWORKS_FOLDER_PATH}/ImagePicker.framework",
				"${TARGET_BUILD_DIR}/${FRAMEWORKS_FOLDER_PATH}/KeychainAccess.framework",
				"${TARGET_BUILD_DIR}/${FRAMEWORKS_FOLDER_PATH}/Kingfisher.framework",
				"${TARGET_BUILD_DIR}/${FRAMEWORKS_FOLDER_PATH}/ObjcExceptionBridging.framework",
				"${TARGET_BUILD_DIR}/${FRAMEWORKS_FOLDER_PATH}/ObjectMapper.framework",
				"${TARGET_BUILD_DIR}/${FRAMEWORKS_FOLDER_PATH}/RxBlocking.framework",
				"${TARGET_BUILD_DIR}/${FRAMEWORKS_FOLDER_PATH}/RxCocoa.framework",
				"${TARGET_BUILD_DIR}/${FRAMEWORKS_FOLDER_PATH}/RxSwift.framework",
				"${TARGET_BUILD_DIR}/${FRAMEWORKS_FOLDER_PATH}/SVProgressHUD.framework",
				"${TARGET_BUILD_DIR}/${FRAMEWORKS_FOLDER_PATH}/SnapKit.framework",
				"${TARGET_BUILD_DIR}/${FRAMEWORKS_FOLDER_PATH}/SwiftyJSON.framework",
				"${TARGET_BUILD_DIR}/${FRAMEWORKS_FOLDER_PATH}/TSVoiceConverter.framework",
				"${TARGET_BUILD_DIR}/${FRAMEWORKS_FOLDER_PATH}/TimedSilver.framework",
				"${TARGET_BUILD_DIR}/${FRAMEWORKS_FOLDER_PATH}/UIColor_Hex_Swift.framework",
				"${TARGET_BUILD_DIR}/${FRAMEWORKS_FOLDER_PATH}/XCGLogger.framework",
				"${TARGET_BUILD_DIR}/${FRAMEWORKS_FOLDER_PATH}/XLActionController.framework",
				"${TARGET_BUILD_DIR}/${FRAMEWORKS_FOLDER_PATH}/YYText.framework",
			);
			runOnlyForDeploymentPostprocessing = 0;
			shellPath = /bin/sh;
			shellScript = "\"${SRCROOT}/Pods/Target Support Files/Pods-world/Pods-world-frameworks.sh\"\n";
			showEnvVarsInLog = 0;
		};
/* End PBXShellScriptBuildPhase section */

/* Begin PBXSourcesBuildPhase section */
		34B8A31F20109F9E00D093F8 /* Sources */ = {
			isa = PBXSourcesBuildPhase;
			buildActionMask = 2147483647;
			files = (
				34B8A32E20109F9E00D093F8 /* SecondViewController.m in Sources */,
				34B8A32820109F9E00D093F8 /* AppDelegate.m in Sources */,
				34B8A33920109F9E00D093F8 /* main.m in Sources */,
				34B8A32B20109F9E00D093F8 /* FirstViewController.m in Sources */,
			);
			runOnlyForDeploymentPostprocessing = 0;
		};
/* End PBXSourcesBuildPhase section */

/* Begin PBXVariantGroup section */
		34B8A32F20109F9E00D093F8 /* Main.storyboard */ = {
			isa = PBXVariantGroup;
			children = (
				34B8A33020109F9E00D093F8 /* Base */,
			);
			name = Main.storyboard;
			sourceTree = "<group>";
		};
		34B8A33420109F9E00D093F8 /* LaunchScreen.storyboard */ = {
			isa = PBXVariantGroup;
			children = (
				34B8A33520109F9E00D093F8 /* Base */,
			);
			name = LaunchScreen.storyboard;
			sourceTree = "<group>";
		};
/* End PBXVariantGroup section */

/* Begin XCBuildConfiguration section */
		34B8A33A20109F9E00D093F8 /* Debug */ = {
			isa = XCBuildConfiguration;
			buildSettings = {
				ALWAYS_SEARCH_USER_PATHS = NO;
				CLANG_ANALYZER_NONNULL = YES;
				CLANG_ANALYZER_NUMBER_OBJECT_CONVERSION = YES_AGGRESSIVE;
				CLANG_CXX_LANGUAGE_STANDARD = "gnu++14";
				CLANG_CXX_LIBRARY = "libc++";
				CLANG_ENABLE_MODULES = YES;
				CLANG_ENABLE_OBJC_ARC = YES;
				CLANG_WARN_BLOCK_CAPTURE_AUTORELEASING = YES;
				CLANG_WARN_BOOL_CONVERSION = YES;
				CLANG_WARN_COMMA = YES;
				CLANG_WARN_CONSTANT_CONVERSION = YES;
				CLANG_WARN_DEPRECATED_OBJC_IMPLEMENTATIONS = YES;
				CLANG_WARN_DIRECT_OBJC_ISA_USAGE = YES_ERROR;
				CLANG_WARN_DOCUMENTATION_COMMENTS = YES;
				CLANG_WARN_EMPTY_BODY = YES;
				CLANG_WARN_ENUM_CONVERSION = YES;
				CLANG_WARN_INFINITE_RECURSION = YES;
				CLANG_WARN_INT_CONVERSION = YES;
				CLANG_WARN_NON_LITERAL_NULL_CONVERSION = YES;
				CLANG_WARN_OBJC_IMPLICIT_RETAIN_SELF = YES;
				CLANG_WARN_OBJC_LITERAL_CONVERSION = YES;
				CLANG_WARN_OBJC_ROOT_CLASS = YES_ERROR;
				CLANG_WARN_RANGE_LOOP_ANALYSIS = YES;
				CLANG_WARN_STRICT_PROTOTYPES = YES;
				CLANG_WARN_SUSPICIOUS_MOVE = YES;
				CLANG_WARN_UNGUARDED_AVAILABILITY = YES_AGGRESSIVE;
				CLANG_WARN_UNREACHABLE_CODE = YES;
				CLANG_WARN__DUPLICATE_METHOD_MATCH = YES;
				CODE_SIGN_IDENTITY = "iPhone Developer";
				COPY_PHASE_STRIP = NO;
				DEBUG_INFORMATION_FORMAT = dwarf;
				ENABLE_STRICT_OBJC_MSGSEND = YES;
				ENABLE_TESTABILITY = YES;
				GCC_C_LANGUAGE_STANDARD = gnu11;
				GCC_DYNAMIC_NO_PIC = NO;
				GCC_NO_COMMON_BLOCKS = YES;
				GCC_OPTIMIZATION_LEVEL = 0;
				GCC_PREPROCESSOR_DEFINITIONS = (
					"DEBUG=1",
					"$(inherited)",
				);
				GCC_WARN_64_TO_32_BIT_CONVERSION = YES;
				GCC_WARN_ABOUT_RETURN_TYPE = YES_ERROR;
				GCC_WARN_UNDECLARED_SELECTOR = YES;
				GCC_WARN_UNINITIALIZED_AUTOS = YES_AGGRESSIVE;
				GCC_WARN_UNUSED_FUNCTION = YES;
				GCC_WARN_UNUSED_VARIABLE = YES;
				IPHONEOS_DEPLOYMENT_TARGET = 11.2;
				MTL_ENABLE_DEBUG_INFO = YES;
				ONLY_ACTIVE_ARCH = YES;
				SDKROOT = iphoneos;
			};
			name = Debug;
		};
		34B8A33B20109F9E00D093F8 /* Release */ = {
			isa = XCBuildConfiguration;
			buildSettings = {
				ALWAYS_SEARCH_USER_PATHS = NO;
				CLANG_ANALYZER_NONNULL = YES;
				CLANG_ANALYZER_NUMBER_OBJECT_CONVERSION = YES_AGGRESSIVE;
				CLANG_CXX_LANGUAGE_STANDARD = "gnu++14";
				CLANG_CXX_LIBRARY = "libc++";
				CLANG_ENABLE_MODULES = YES;
				CLANG_ENABLE_OBJC_ARC = YES;
				CLANG_WARN_BLOCK_CAPTURE_AUTORELEASING = YES;
				CLANG_WARN_BOOL_CONVERSION = YES;
				CLANG_WARN_COMMA = YES;
				CLANG_WARN_CONSTANT_CONVERSION = YES;
				CLANG_WARN_DEPRECATED_OBJC_IMPLEMENTATIONS = YES;
				CLANG_WARN_DIRECT_OBJC_ISA_USAGE = YES_ERROR;
				CLANG_WARN_DOCUMENTATION_COMMENTS = YES;
				CLANG_WARN_EMPTY_BODY = YES;
				CLANG_WARN_ENUM_CONVERSION = YES;
				CLANG_WARN_INFINITE_RECURSION = YES;
				CLANG_WARN_INT_CONVERSION = YES;
				CLANG_WARN_NON_LITERAL_NULL_CONVERSION = YES;
				CLANG_WARN_OBJC_IMPLICIT_RETAIN_SELF = YES;
				CLANG_WARN_OBJC_LITERAL_CONVERSION = YES;
				CLANG_WARN_OBJC_ROOT_CLASS = YES_ERROR;
				CLANG_WARN_RANGE_LOOP_ANALYSIS = YES;
				CLANG_WARN_STRICT_PROTOTYPES = YES;
				CLANG_WARN_SUSPICIOUS_MOVE = YES;
				CLANG_WARN_UNGUARDED_AVAILABILITY = YES_AGGRESSIVE;
				CLANG_WARN_UNREACHABLE_CODE = YES;
				CLANG_WARN__DUPLICATE_METHOD_MATCH = YES;
				CODE_SIGN_IDENTITY = "iPhone Developer";
				COPY_PHASE_STRIP = NO;
				DEBUG_INFORMATION_FORMAT = "dwarf-with-dsym";
				ENABLE_NS_ASSERTIONS = NO;
				ENABLE_STRICT_OBJC_MSGSEND = YES;
				GCC_C_LANGUAGE_STANDARD = gnu11;
				GCC_NO_COMMON_BLOCKS = YES;
				GCC_WARN_64_TO_32_BIT_CONVERSION = YES;
				GCC_WARN_ABOUT_RETURN_TYPE = YES_ERROR;
				GCC_WARN_UNDECLARED_SELECTOR = YES;
				GCC_WARN_UNINITIALIZED_AUTOS = YES_AGGRESSIVE;
				GCC_WARN_UNUSED_FUNCTION = YES;
				GCC_WARN_UNUSED_VARIABLE = YES;
				IPHONEOS_DEPLOYMENT_TARGET = 11.2;
				MTL_ENABLE_DEBUG_INFO = NO;
				SDKROOT = iphoneos;
				VALIDATE_PRODUCT = YES;
			};
			name = Release;
		};
		34B8A33D20109F9E00D093F8 /* Debug */ = {
			isa = XCBuildConfiguration;
			baseConfigurationReference = 760F0F0BBB337A8226EBF970 /* Pods-world.debug.xcconfig */;
			buildSettings = {
				ALWAYS_EMBED_SWIFT_STANDARD_LIBRARIES = YES;
				ASSETCATALOG_COMPILER_APPICON_NAME = AppIcon;
				CLANG_WARN_STRICT_PROTOTYPES = NO;
				CODE_SIGN_STYLE = Automatic;
				DEVELOPMENT_TEAM = 6DCR4JPJS8;
				ENABLE_BITCODE = NO;
				FRAMEWORK_SEARCH_PATHS = (
					"$(inherited)",
					"$(PROJECT_DIR)/world/extern/tencent/**",
				);
				INFOPLIST_FILE = world/Info.plist;
				LD_RUNPATH_SEARCH_PATHS = "$(inherited) @executable_path/Frameworks";
				OTHER_LDFLAGS = "-ObjC";
				PRODUCT_BUNDLE_IDENTIFIER = com.network.world;
				PRODUCT_NAME = "$(TARGET_NAME)";
				TARGETED_DEVICE_FAMILY = "1,2";
			};
			name = Debug;
		};
		34B8A33E20109F9E00D093F8 /* Release */ = {
			isa = XCBuildConfiguration;
			baseConfigurationReference = 10F4523A49A608ECBA1DF20A /* Pods-world.release.xcconfig */;
			buildSettings = {
				ALWAYS_EMBED_SWIFT_STANDARD_LIBRARIES = YES;
				ASSETCATALOG_COMPILER_APPICON_NAME = AppIcon;
				CLANG_WARN_STRICT_PROTOTYPES = NO;
				CODE_SIGN_STYLE = Automatic;
				DEVELOPMENT_TEAM = 6DCR4JPJS8;
				ENABLE_BITCODE = NO;
				FRAMEWORK_SEARCH_PATHS = (
					"$(inherited)",
					"$(PROJECT_DIR)/world/extern/tencent/**",
				);
				INFOPLIST_FILE = world/Info.plist;
				LD_RUNPATH_SEARCH_PATHS = "$(inherited) @executable_path/Frameworks";
				OTHER_LDFLAGS = "-ObjC";
				PRODUCT_BUNDLE_IDENTIFIER = com.network.world;
				PRODUCT_NAME = "$(TARGET_NAME)";
				TARGETED_DEVICE_FAMILY = "1,2";
			};
			name = Release;
		};
/* End XCBuildConfiguration section */

/* Begin XCConfigurationList section */
		34B8A31E20109F9E00D093F8 /* Build configuration list for PBXProject "world" */ = {
			isa = XCConfigurationList;
			buildConfigurations = (
				34B8A33A20109F9E00D093F8 /* Debug */,
				34B8A33B20109F9E00D093F8 /* Release */,
			);
			defaultConfigurationIsVisible = 0;
			defaultConfigurationName = Release;
		};
		34B8A33C20109F9E00D093F8 /* Build configuration list for PBXNativeTarget "world" */ = {
			isa = XCConfigurationList;
			buildConfigurations = (
				34B8A33D20109F9E00D093F8 /* Debug */,
				34B8A33E20109F9E00D093F8 /* Release */,
			);
			defaultConfigurationIsVisible = 0;
			defaultConfigurationName = Release;
		};
/* End XCConfigurationList section */
	};
	rootObject = 34B8A31B20109F9E00D093F8 /* Project object */;
}
